{
  "name": "asdf",
  "lockfileVersion": 2,
  "requires": true,
  "packages": {
    "": {
      "name": "asdf",
      "devDependencies": {
        "@hyperupcall/bats-all": "^5.1.1"
      }
    },
    "node_modules/@hyperupcall/bats-all": {
      "version": "5.1.1",
      "resolved": "https://registry.npmjs.org/@hyperupcall/bats-all/-/bats-all-5.1.1.tgz",
      "integrity": "sha512-MJW6Ti5GbGvyP/DRDyO2Eg4ixMEO29t5QcUeNgcW7+sGA9bPBz4/pZhA+3zhKoNj6KH67n83LD89mId5PNY9Jw==",
      "dev": true
    }
  },
  "dependencies": {
    "@hyperupcall/bats-all": {
      "version": "5.1.1",
      "resolved": "https://registry.npmjs.org/@hyperupcall/bats-all/-/bats-all-5.1.1.tgz",
      "integrity": "sha512-MJW6Ti5GbGvyP/DRDyO2Eg4ixMEO29t5QcUeNgcW7+sGA9bPBz4/pZhA+3zhKoNj6KH67n83LD89mId5PNY9Jw==",
      "dev": true
    }
  }
}
