{
  "name": "docs",
  "lockfileVersion": 3,
  "requires": true,
  "packages": {
    "": {
      "devDependencies": {
        "@types/node": "^20.5.7",
        "prettier": "^2.8.8",
        "vitepress": "^1.0.0-beta.3"
      }
    },
    "node_modules/@algolia/autocomplete-core": {
      "version": "1.9.2",
      "resolved": "https://registry.npmjs.org/@algolia/autocomplete-core/-/autocomplete-core-1.9.2.tgz",
      "integrity": "sha512-hkG80c9kx9ClVAEcUJbTd2ziVC713x9Bji9Ty4XJfKXlxlsx3iXsoNhAwfeR4ulzIUg7OE5gez0UU1zVDdG7kg==",
      "dev": true,
      "dependencies": {
        "@algolia/autocomplete-plugin-algolia-insights": "1.9.2",
        "@algolia/autocomplete-shared": "1.9.2"
      }
    },
    "node_modules/@algolia/autocomplete-plugin-algolia-insights": {
      "version": "1.9.2",
      "resolved": "https://registry.npmjs.org/@algolia/autocomplete-plugin-algolia-insights/-/autocomplete-plugin-algolia-insights-1.9.2.tgz",
      "integrity": "sha512-2LVsf4W66hVHQ3Ua/8k15oPlxjELCztbAkQm/hP42Sw+GLkHAdY1vaVRYziaWq64+Oljfg6FKkZHCdgXH+CGIA==",
      "dev": true,
      "dependencies": {
        "@algolia/autocomplete-shared": "1.9.2"
      },
      "peerDependencies": {
        "search-insights": ">= 1 < 3"
      }
    },
    "node_modules/@algolia/autocomplete-preset-algolia": {
      "version": "1.9.2",
      "resolved": "https://registry.npmjs.org/@algolia/autocomplete-preset-algolia/-/autocomplete-preset-algolia-1.9.2.tgz",
      "integrity": "sha512-pqgIm2GNqtCT59Y1ICctIPrYTi34+wNPiNWEclD/yDzp5uDUUsyGe5XrUjCNyQRTKonAlmYxoaEHOn8FWgmBHA==",
      "dev": true,
      "dependencies": {
        "@algolia/autocomplete-shared": "1.9.2"
      },
      "peerDependencies": {
        "@algolia/client-search": ">= 4.9.1 < 6",
        "algoliasearch": ">= 4.9.1 < 6"
      }
    },
    "node_modules/@algolia/autocomplete-shared": {
      "version": "1.9.2",
      "resolved": "https://registry.npmjs.org/@algolia/autocomplete-shared/-/autocomplete-shared-1.9.2.tgz",
      "integrity": "sha512-XxX6YDn+7LG+SmdpXEOnj7fc3TjiVpQ0CbGhjLwrd2tYr6LVY2D4Iiu/iuYJ4shvVDWWnpwArSk0uIWC/8OPUA==",
      "dev": true,
      "peerDependencies": {
        "@algolia/client-search": ">= 4.9.1 < 6",
        "algoliasearch": ">= 4.9.1 < 6"
      }
    },
    "node_modules/@algolia/cache-browser-local-storage": {
      "version": "4.17.2",
      "resolved": "https://registry.npmjs.org/@algolia/cache-browser-local-storage/-/cache-browser-local-storage-4.17.2.tgz",
      "integrity": "sha512-ZkVN7K/JE+qMQbpR6h3gQOGR6yCJpmucSBCmH5YDxnrYbp2CbrVCu0Nr+FGVoWzMJNznj1waShkfQ9awERulLw==",
      "dev": true,
      "dependencies": {
        "@algolia/cache-common": "4.17.2"
      }
    },
    "node_modules/@algolia/cache-common": {
      "version": "4.17.2",
      "resolved": "https://registry.npmjs.org/@algolia/cache-common/-/cache-common-4.17.2.tgz",
      "integrity": "sha512-fojbhYIS8ovfYs6hwZpy1O4mBfVRxNgAaZRqsdVQd54hU4MxYDYFCxagYX28lOBz7btcDHld6BMoWXvjzkx6iQ==",
      "dev": true
    },
    "node_modules/@algolia/cache-in-memory": {
      "version": "4.17.2",
      "resolved": "https://registry.npmjs.org/@algolia/cache-in-memory/-/cache-in-memory-4.17.2.tgz",
      "integrity": "sha512-UYQcMzPurNi+cPYkuPemTZkjKAjdgAS1hagC5irujKbrYnN4yscK4TkOI5tX+O8/KegtJt3kOK07OIrJ2QDAAw==",
      "dev": true,
      "dependencies": {
        "@algolia/cache-common": "4.17.2"
      }
    },
    "node_modules/@algolia/client-account": {
      "version": "4.17.2",
      "resolved": "https://registry.npmjs.org/@algolia/client-account/-/client-account-4.17.2.tgz",
      "integrity": "sha512-doSk89pBPDpDyKJSHFADIGa2XSGrBCj3QwPvqtRJXDADpN+OjW+eTR8r4hEs/7X4GGfjfAOAES8JgDx+fZntYw==",
      "dev": true,
      "dependencies": {
        "@algolia/client-common": "4.17.2",
        "@algolia/client-search": "4.17.2",
        "@algolia/transporter": "4.17.2"
      }
    },
    "node_modules/@algolia/client-analytics": {
      "version": "4.17.2",
      "resolved": "https://registry.npmjs.org/@algolia/client-analytics/-/client-analytics-4.17.2.tgz",
      "integrity": "sha512-V+DcXbOtD/hKwAR3qGQrtlrJ3q2f9OKfx843q744o4m3xHv5ueCAvGXB1znPsdaUrVDNAImcgEgqwI9x7EJbDw==",
      "dev": true,
      "dependencies": {
        "@algolia/client-common": "4.17.2",
        "@algolia/client-search": "4.17.2",
        "@algolia/requester-common": "4.17.2",
        "@algolia/transporter": "4.17.2"
      }
    },
    "node_modules/@algolia/client-common": {
      "version": "4.17.2",
      "resolved": "https://registry.npmjs.org/@algolia/client-common/-/client-common-4.17.2.tgz",
      "integrity": "sha512-gKBUnjxi0ukJYIJxVREYGt1Dmj1B3RBYbfGWi0dIPp1BC1VvQm+BOuNwsIwmq/x3MPO+sGuK978eKiP3tZDvag==",
      "dev": true,
      "dependencies": {
        "@algolia/requester-common": "4.17.2",
        "@algolia/transporter": "4.17.2"
      }
    },
    "node_modules/@algolia/client-personalization": {
      "version": "4.17.2",
      "resolved": "https://registry.npmjs.org/@algolia/client-personalization/-/client-personalization-4.17.2.tgz",
      "integrity": "sha512-wc4UgOWxSYWz5wpuelNmlt895jA9twjZWM2ms17Ws8qCvBHF7OVGdMGgbysPB8790YnfvvDnSsWOv3CEj26Eow==",
      "dev": true,
      "dependencies": {
        "@algolia/client-common": "4.17.2",
        "@algolia/requester-common": "4.17.2",
        "@algolia/transporter": "4.17.2"
      }
    },
    "node_modules/@algolia/client-search": {
      "version": "4.17.2",
      "resolved": "https://registry.npmjs.org/@algolia/client-search/-/client-search-4.17.2.tgz",
      "integrity": "sha512-FUjIs+gRe0upJC++uVs4sdxMw15JxfkT86Gr/kqVwi9kcqaZhXntSbW/Fw959bIYXczjmeVQsilYvBWW4YvSZA==",
      "dev": true,
      "dependencies": {
        "@algolia/client-common": "4.17.2",
        "@algolia/requester-common": "4.17.2",
        "@algolia/transporter": "4.17.2"
      }
    },
    "node_modules/@algolia/logger-common": {
      "version": "4.17.2",
      "resolved": "https://registry.npmjs.org/@algolia/logger-common/-/logger-common-4.17.2.tgz",
      "integrity": "sha512-EfXuweUE+1HiSMsQidaDWA5Lv4NnStYIlh7PO5pLkI+sdhbMX0e5AO5nUAMIFM1VkEANes70RA8fzhP6OqCqQQ==",
      "dev": true
    },
    "node_modules/@algolia/logger-console": {
      "version": "4.17.2",
      "resolved": "https://registry.npmjs.org/@algolia/logger-console/-/logger-console-4.17.2.tgz",
      "integrity": "sha512-JuG8HGVlJ+l/UEDK4h2Y8q/IEmRjQz1J0aS9tf6GPNbGYiSvMr1DDdZ+hqV3bb1XE6wU8Ypex56HisWMSpnG0A==",
      "dev": true,
      "dependencies": {
        "@algolia/logger-common": "4.17.2"
      }
    },
    "node_modules/@algolia/requester-browser-xhr": {
      "version": "4.17.2",
      "resolved": "https://registry.npmjs.org/@algolia/requester-browser-xhr/-/requester-browser-xhr-4.17.2.tgz",
      "integrity": "sha512-FKI2lYWwksALfRt2OETFmGb5+P7WVc4py2Ai3H7k8FSfTLwVvs9WVVmtlx6oANQ8RFEK4B85h8DQJTJ29TDfmA==",
      "dev": true,
      "dependencies": {
        "@algolia/requester-common": "4.17.2"
      }
    },
    "node_modules/@algolia/requester-common": {
      "version": "4.17.2",
      "resolved": "https://registry.npmjs.org/@algolia/requester-common/-/requester-common-4.17.2.tgz",
      "integrity": "sha512-Rfim23ztAhYpE9qm+KCfCRo+YLJCjiiTG+IpDdzUjMpYPhUtirQT0A35YEd/gKn86YNyydxS9w8iRSjwKh+L0A==",
      "dev": true
    },
    "node_modules/@algolia/requester-node-http": {
      "version": "4.17.2",
      "resolved": "https://registry.npmjs.org/@algolia/requester-node-http/-/requester-node-http-4.17.2.tgz",
      "integrity": "sha512-E0b0kyCDMvUIhQmDNd/mH4fsKJdEEX6PkMKrYJjzm6moo+rP22tqpq4Rfe7DZD8OB6/LsDD3zs3Kvd+L+M5wwQ==",
      "dev": true,
      "dependencies": {
        "@algolia/requester-common": "4.17.2"
      }
    },
    "node_modules/@algolia/transporter": {
      "version": "4.17.2",
      "resolved": "https://registry.npmjs.org/@algolia/transporter/-/transporter-4.17.2.tgz",
      "integrity": "sha512-m8pXlz5OnNzjD1rcw+duCN4jG4yEzkJBsvKYMoN22Oq6rQwy1AY5muZ+IQUs4dL+A364CYkRMLRWhvXpCZ1x+g==",
      "dev": true,
      "dependencies": {
        "@algolia/cache-common": "4.17.2",
        "@algolia/logger-common": "4.17.2",
        "@algolia/requester-common": "4.17.2"
      }
    },
    "node_modules/@babel/parser": {
      "version": "7.22.5",
      "resolved": "https://registry.npmjs.org/@babel/parser/-/parser-7.22.5.tgz",
      "integrity": "sha512-DFZMC9LJUG9PLOclRC32G63UXwzqS2koQC8dkx+PLdmt1xSePYpbT/NbsrJy8Q/muXz7o/h/d4A7Fuyixm559Q==",
      "dev": true,
      "bin": {
        "parser": "bin/babel-parser.js"
      },
      "engines": {
        "node": ">=6.0.0"
      }
    },
    "node_modules/@docsearch/css": {
      "version": "3.5.0",
      "resolved": "https://registry.npmjs.org/@docsearch/css/-/css-3.5.0.tgz",
      "integrity": "sha512-Ob5FQLubplcBNihAVtriR59FRBeP8u69F6mu4L4yIr60KfsPc10bOV0DoPErJw0zF9IBN2cNLW9qdmt8zWPxyg==",
      "dev": true
    },
    "node_modules/@docsearch/js": {
      "version": "3.5.0",
      "resolved": "https://registry.npmjs.org/@docsearch/js/-/js-3.5.0.tgz",
      "integrity": "sha512-WqB+z+zVKSXDkGq028nClT9RvMzfFlemZuIulX5ZwWkdUtl4k7M9cmZA/c6kuZf7FG24XQsMHWuBjeUo9hLRyA==",
      "dev": true,
      "dependencies": {
        "@docsearch/react": "3.5.0",
        "preact": "^10.0.0"
      }
    },
    "node_modules/@docsearch/react": {
      "version": "3.5.0",
      "resolved": "https://registry.npmjs.org/@docsearch/react/-/react-3.5.0.tgz",
      "integrity": "sha512-3IG8mmSMzSHNGy2S1VuPyYU9tFCxFpj5Ov8SYwsSHM4yMvFsaO9oFxXocA5lSenliIELhuOuS5+BdxHa/Qlf2A==",
      "dev": true,
      "dependencies": {
        "@algolia/autocomplete-core": "1.9.2",
        "@algolia/autocomplete-preset-algolia": "1.9.2",
        "@docsearch/css": "3.5.0",
        "algoliasearch": "^4.0.0"
      },
      "peerDependencies": {
        "@types/react": ">= 16.8.0 < 19.0.0",
        "react": ">= 16.8.0 < 19.0.0",
        "react-dom": ">= 16.8.0 < 19.0.0"
      },
      "peerDependenciesMeta": {
        "@types/react": {
          "optional": true
        },
        "react": {
          "optional": true
        },
        "react-dom": {
          "optional": true
        }
      }
    },
    "node_modules/@esbuild/linux-x64": {
      "version": "0.17.19",
      "resolved": "https://registry.npmjs.org/@esbuild/linux-x64/-/linux-x64-0.17.19.tgz",
      "integrity": "sha512-68ngA9lg2H6zkZcyp22tsVt38mlhWde8l3eJLWkyLrp4HwMUr3c1s/M2t7+kHIhvMjglIBrFpncX1SzMckomGw==",
      "cpu": [
        "x64"
      ],
      "dev": true,
      "optional": true,
      "os": [
        "linux"
      ],
      "engines": {
        "node": ">=12"
      }
    },
    "node_modules/@jridgewell/sourcemap-codec": {
      "version": "1.4.15",
      "resolved": "https://registry.npmjs.org/@jridgewell/sourcemap-codec/-/sourcemap-codec-1.4.15.tgz",
      "integrity": "sha512-eF2rxCRulEKXHTRiDrDy6erMYWqNw4LPdQ8UQA4huuxaQsVeRPFl2oM8oDGxMFhJUWZf9McpLtJasDDZb/Bpeg==",
      "dev": true
    },
    "node_modules/@types/node": {
      "version": "20.5.7",
      "resolved": "https://registry.npmjs.org/@types/node/-/node-20.5.7.tgz",
      "integrity": "sha512-dP7f3LdZIysZnmvP3ANJYTSwg+wLLl8p7RqniVlV7j+oXSXAbt9h0WIBFmJy5inWZoX9wZN6eXx+YXd9Rh3RBA==",
      "dev": true
    },
    "node_modules/@types/web-bluetooth": {
      "version": "0.0.17",
      "resolved": "https://registry.npmjs.org/@types/web-bluetooth/-/web-bluetooth-0.0.17.tgz",
      "integrity": "sha512-4p9vcSmxAayx72yn70joFoL44c9MO/0+iVEBIQXe3v2h2SiAsEIo/G5v6ObFWvNKRFjbrVadNf9LqEEZeQPzdA==",
      "dev": true
    },
    "node_modules/@vitejs/plugin-vue": {
      "version": "4.2.3",
      "resolved": "https://registry.npmjs.org/@vitejs/plugin-vue/-/plugin-vue-4.2.3.tgz",
      "integrity": "sha512-R6JDUfiZbJA9cMiguQ7jxALsgiprjBeHL5ikpXfJCH62pPHtI+JdJ5xWj6Ev73yXSlYl86+blXn1kZHQ7uElxw==",
      "dev": true,
      "engines": {
        "node": "^14.18.0 || >=16.0.0"
      },
      "peerDependencies": {
        "vite": "^4.0.0",
        "vue": "^3.2.25"
      }
    },
    "node_modules/@vue/compiler-core": {
      "version": "3.3.4",
      "resolved": "https://registry.npmjs.org/@vue/compiler-core/-/compiler-core-3.3.4.tgz",
      "integrity": "sha512-cquyDNvZ6jTbf/+x+AgM2Arrp6G4Dzbb0R64jiG804HRMfRiFXWI6kqUVqZ6ZR0bQhIoQjB4+2bhNtVwndW15g==",
      "dev": true,
      "dependencies": {
        "@babel/parser": "^7.21.3",
        "@vue/shared": "3.3.4",
        "estree-walker": "^2.0.2",
        "source-map-js": "^1.0.2"
      }
    },
    "node_modules/@vue/compiler-dom": {
      "version": "3.3.4",
      "resolved": "https://registry.npmjs.org/@vue/compiler-dom/-/compiler-dom-3.3.4.tgz",
      "integrity": "sha512-wyM+OjOVpuUukIq6p5+nwHYtj9cFroz9cwkfmP9O1nzH68BenTTv0u7/ndggT8cIQlnBeOo6sUT/gvHcIkLA5w==",
      "dev": true,
      "dependencies": {
        "@vue/compiler-core": "3.3.4",
        "@vue/shared": "3.3.4"
      }
    },
    "node_modules/@vue/compiler-sfc": {
      "version": "3.3.4",
      "resolved": "https://registry.npmjs.org/@vue/compiler-sfc/-/compiler-sfc-3.3.4.tgz",
      "integrity": "sha512-6y/d8uw+5TkCuzBkgLS0v3lSM3hJDntFEiUORM11pQ/hKvkhSKZrXW6i69UyXlJQisJxuUEJKAWEqWbWsLeNKQ==",
      "dev": true,
      "dependencies": {
        "@babel/parser": "^7.20.15",
        "@vue/compiler-core": "3.3.4",
        "@vue/compiler-dom": "3.3.4",
        "@vue/compiler-ssr": "3.3.4",
        "@vue/reactivity-transform": "3.3.4",
        "@vue/shared": "3.3.4",
        "estree-walker": "^2.0.2",
        "magic-string": "^0.30.0",
        "postcss": "^8.1.10",
        "source-map-js": "^1.0.2"
      }
    },
    "node_modules/@vue/compiler-ssr": {
      "version": "3.3.4",
      "resolved": "https://registry.npmjs.org/@vue/compiler-ssr/-/compiler-ssr-3.3.4.tgz",
      "integrity": "sha512-m0v6oKpup2nMSehwA6Uuu+j+wEwcy7QmwMkVNVfrV9P2qE5KshC6RwOCq8fjGS/Eak/uNb8AaWekfiXxbBB6gQ==",
      "dev": true,
      "dependencies": {
        "@vue/compiler-dom": "3.3.4",
        "@vue/shared": "3.3.4"
      }
    },
    "node_modules/@vue/devtools-api": {
      "version": "6.5.0",
      "resolved": "https://registry.npmjs.org/@vue/devtools-api/-/devtools-api-6.5.0.tgz",
      "integrity": "sha512-o9KfBeaBmCKl10usN4crU53fYtC1r7jJwdGKjPT24t348rHxgfpZ0xL3Xm/gLUYnc0oTp8LAmrxOeLyu6tbk2Q==",
      "dev": true
    },
    "node_modules/@vue/reactivity": {
      "version": "3.3.4",
      "resolved": "https://registry.npmjs.org/@vue/reactivity/-/reactivity-3.3.4.tgz",
      "integrity": "sha512-kLTDLwd0B1jG08NBF3R5rqULtv/f8x3rOFByTDz4J53ttIQEDmALqKqXY0J+XQeN0aV2FBxY8nJDf88yvOPAqQ==",
      "dev": true,
      "dependencies": {
        "@vue/shared": "3.3.4"
      }
    },
    "node_modules/@vue/reactivity-transform": {
      "version": "3.3.4",
      "resolved": "https://registry.npmjs.org/@vue/reactivity-transform/-/reactivity-transform-3.3.4.tgz",
      "integrity": "sha512-MXgwjako4nu5WFLAjpBnCj/ieqcjE2aJBINUNQzkZQfzIZA4xn+0fV1tIYBJvvva3N3OvKGofRLvQIwEQPpaXw==",
      "dev": true,
      "dependencies": {
        "@babel/parser": "^7.20.15",
        "@vue/compiler-core": "3.3.4",
        "@vue/shared": "3.3.4",
        "estree-walker": "^2.0.2",
        "magic-string": "^0.30.0"
      }
    },
    "node_modules/@vue/runtime-core": {
      "version": "3.3.4",
      "resolved": "https://registry.npmjs.org/@vue/runtime-core/-/runtime-core-3.3.4.tgz",
      "integrity": "sha512-R+bqxMN6pWO7zGI4OMlmvePOdP2c93GsHFM/siJI7O2nxFRzj55pLwkpCedEY+bTMgp5miZ8CxfIZo3S+gFqvA==",
      "dev": true,
      "dependencies": {
        "@vue/reactivity": "3.3.4",
        "@vue/shared": "3.3.4"
      }
    },
    "node_modules/@vue/runtime-dom": {
      "version": "3.3.4",
      "resolved": "https://registry.npmjs.org/@vue/runtime-dom/-/runtime-dom-3.3.4.tgz",
      "integrity": "sha512-Aj5bTJ3u5sFsUckRghsNjVTtxZQ1OyMWCr5dZRAPijF/0Vy4xEoRCwLyHXcj4D0UFbJ4lbx3gPTgg06K/GnPnQ==",
      "dev": true,
      "dependencies": {
        "@vue/runtime-core": "3.3.4",
        "@vue/shared": "3.3.4",
        "csstype": "^3.1.1"
      }
    },
    "node_modules/@vue/server-renderer": {
      "version": "3.3.4",
      "resolved": "https://registry.npmjs.org/@vue/server-renderer/-/server-renderer-3.3.4.tgz",
      "integrity": "sha512-Q6jDDzR23ViIb67v+vM1Dqntu+HUexQcsWKhhQa4ARVzxOY2HbC7QRW/ggkDBd5BU+uM1sV6XOAP0b216o34JQ==",
      "dev": true,
      "dependencies": {
        "@vue/compiler-ssr": "3.3.4",
        "@vue/shared": "3.3.4"
      },
      "peerDependencies": {
        "vue": "3.3.4"
      }
    },
    "node_modules/@vue/shared": {
      "version": "3.3.4",
      "resolved": "https://registry.npmjs.org/@vue/shared/-/shared-3.3.4.tgz",
      "integrity": "sha512-7OjdcV8vQ74eiz1TZLzZP4JwqM5fA94K6yntPS5Z25r9HDuGNzaGdgvwKYq6S+MxwF0TFRwe50fIR/MYnakdkQ==",
      "dev": true
    },
    "node_modules/@vueuse/core": {
      "version": "10.1.2",
      "resolved": "https://registry.npmjs.org/@vueuse/core/-/core-10.1.2.tgz",
      "integrity": "sha512-roNn8WuerI56A5uiTyF/TEYX0Y+VKlhZAF94unUfdhbDUI+NfwQMn4FUnUscIRUhv3344qvAghopU4bzLPNFlA==",
      "dev": true,
      "dependencies": {
        "@types/web-bluetooth": "^0.0.17",
        "@vueuse/metadata": "10.1.2",
        "@vueuse/shared": "10.1.2",
        "vue-demi": ">=0.14.0"
      },
      "funding": {
        "url": "https://github.com/sponsors/antfu"
      }
    },
    "node_modules/@vueuse/core/node_modules/vue-demi": {
      "version": "0.14.5",
      "resolved": "https://registry.npmjs.org/vue-demi/-/vue-demi-0.14.5.tgz",
      "integrity": "sha512-o9NUVpl/YlsGJ7t+xuqJKx8EBGf1quRhCiT6D/J0pfwmk9zUwYkC7yrF4SZCe6fETvSM3UNL2edcbYrSyc4QHA==",
      "dev": true,
      "hasInstallScript": true,
      "bin": {
        "vue-demi-fix": "bin/vue-demi-fix.js",
        "vue-demi-switch": "bin/vue-demi-switch.js"
      },
      "engines": {
        "node": ">=12"
      },
      "funding": {
        "url": "https://github.com/sponsors/antfu"
      },
      "peerDependencies": {
        "@vue/composition-api": "^1.0.0-rc.1",
        "vue": "^3.0.0-0 || ^2.6.0"
      },
      "peerDependenciesMeta": {
        "@vue/composition-api": {
          "optional": true
        }
      }
    },
    "node_modules/@vueuse/integrations": {
      "version": "10.1.2",
      "resolved": "https://registry.npmjs.org/@vueuse/integrations/-/integrations-10.1.2.tgz",
      "integrity": "sha512-wUpG3Wv6LiWerOwCzOAM0iGhNQ4vfFUTkhj/xQy7TLXduh2M3D8N08aS0KqlxsejY6R8NLxydDIM+68QfHZZ8Q==",
      "dev": true,
      "dependencies": {
        "@vueuse/core": "10.1.2",
        "@vueuse/shared": "10.1.2",
        "vue-demi": ">=0.14.0"
      },
      "funding": {
        "url": "https://github.com/sponsors/antfu"
      },
      "peerDependencies": {
        "async-validator": "*",
        "axios": "*",
        "change-case": "*",
        "drauu": "*",
        "focus-trap": "*",
        "fuse.js": "*",
        "idb-keyval": "*",
        "jwt-decode": "*",
        "nprogress": "*",
        "qrcode": "*",
        "sortablejs": "*",
        "universal-cookie": "*"
      },
      "peerDependenciesMeta": {
        "async-validator": {
          "optional": true
        },
        "axios": {
          "optional": true
        },
        "change-case": {
          "optional": true
        },
        "drauu": {
          "optional": true
        },
        "focus-trap": {
          "optional": true
        },
        "fuse.js": {
          "optional": true
        },
        "idb-keyval": {
          "optional": true
        },
        "jwt-decode": {
          "optional": true
        },
        "nprogress": {
          "optional": true
        },
        "qrcode": {
          "optional": true
        },
        "sortablejs": {
          "optional": true
        },
        "universal-cookie": {
          "optional": true
        }
      }
    },
    "node_modules/@vueuse/integrations/node_modules/vue-demi": {
      "version": "0.14.5",
      "resolved": "https://registry.npmjs.org/vue-demi/-/vue-demi-0.14.5.tgz",
      "integrity": "sha512-o9NUVpl/YlsGJ7t+xuqJKx8EBGf1quRhCiT6D/J0pfwmk9zUwYkC7yrF4SZCe6fETvSM3UNL2edcbYrSyc4QHA==",
      "dev": true,
      "hasInstallScript": true,
      "bin": {
        "vue-demi-fix": "bin/vue-demi-fix.js",
        "vue-demi-switch": "bin/vue-demi-switch.js"
      },
      "engines": {
        "node": ">=12"
      },
      "funding": {
        "url": "https://github.com/sponsors/antfu"
      },
      "peerDependencies": {
        "@vue/composition-api": "^1.0.0-rc.1",
        "vue": "^3.0.0-0 || ^2.6.0"
      },
      "peerDependenciesMeta": {
        "@vue/composition-api": {
          "optional": true
        }
      }
    },
    "node_modules/@vueuse/metadata": {
      "version": "10.1.2",
      "resolved": "https://registry.npmjs.org/@vueuse/metadata/-/metadata-10.1.2.tgz",
      "integrity": "sha512-3mc5BqN9aU2SqBeBuWE7ne4OtXHoHKggNgxZR2K+zIW4YLsy6xoZ4/9vErQs6tvoKDX6QAqm3lvsrv0mczAwIQ==",
      "dev": true,
      "funding": {
        "url": "https://github.com/sponsors/antfu"
      }
    },
    "node_modules/@vueuse/shared": {
      "version": "10.1.2",
      "resolved": "https://registry.npmjs.org/@vueuse/shared/-/shared-10.1.2.tgz",
      "integrity": "sha512-1uoUTPBlgyscK9v6ScGeVYDDzlPSFXBlxuK7SfrDGyUTBiznb3mNceqhwvZHjtDRELZEN79V5uWPTF1VDV8svA==",
      "dev": true,
      "dependencies": {
        "vue-demi": ">=0.14.0"
      },
      "funding": {
        "url": "https://github.com/sponsors/antfu"
      }
    },
    "node_modules/@vueuse/shared/node_modules/vue-demi": {
      "version": "0.14.5",
      "resolved": "https://registry.npmjs.org/vue-demi/-/vue-demi-0.14.5.tgz",
      "integrity": "sha512-o9NUVpl/YlsGJ7t+xuqJKx8EBGf1quRhCiT6D/J0pfwmk9zUwYkC7yrF4SZCe6fETvSM3UNL2edcbYrSyc4QHA==",
      "dev": true,
      "hasInstallScript": true,
      "bin": {
        "vue-demi-fix": "bin/vue-demi-fix.js",
        "vue-demi-switch": "bin/vue-demi-switch.js"
      },
      "engines": {
        "node": ">=12"
      },
      "funding": {
        "url": "https://github.com/sponsors/antfu"
      },
      "peerDependencies": {
        "@vue/composition-api": "^1.0.0-rc.1",
        "vue": "^3.0.0-0 || ^2.6.0"
      },
      "peerDependenciesMeta": {
        "@vue/composition-api": {
          "optional": true
        }
      }
    },
    "node_modules/algoliasearch": {
      "version": "4.17.2",
      "resolved": "https://registry.npmjs.org/algoliasearch/-/algoliasearch-4.17.2.tgz",
      "integrity": "sha512-VFu43JJNYIW74awp7oeQcQsPcxOhd8psqBDTfyNO2Zt6L1NqnNMTVnaIdQ+8dtKqUDBqQZp0szPxECvX8CK2Fg==",
      "dev": true,
      "dependencies": {
        "@algolia/cache-browser-local-storage": "4.17.2",
        "@algolia/cache-common": "4.17.2",
        "@algolia/cache-in-memory": "4.17.2",
        "@algolia/client-account": "4.17.2",
        "@algolia/client-analytics": "4.17.2",
        "@algolia/client-common": "4.17.2",
        "@algolia/client-personalization": "4.17.2",
        "@algolia/client-search": "4.17.2",
        "@algolia/logger-common": "4.17.2",
        "@algolia/logger-console": "4.17.2",
        "@algolia/requester-browser-xhr": "4.17.2",
        "@algolia/requester-common": "4.17.2",
        "@algolia/requester-node-http": "4.17.2",
        "@algolia/transporter": "4.17.2"
      }
    },
    "node_modules/ansi-sequence-parser": {
      "version": "1.1.0",
      "resolved": "https://registry.npmjs.org/ansi-sequence-parser/-/ansi-sequence-parser-1.1.0.tgz",
      "integrity": "sha512-lEm8mt52to2fT8GhciPCGeCXACSz2UwIN4X2e2LJSnZ5uAbn2/dsYdOmUXq0AtWS5cpAupysIneExOgH0Vd2TQ==",
      "dev": true
    },
    "node_modules/body-scroll-lock": {
      "version": "4.0.0-beta.0",
      "resolved": "https://registry.npmjs.org/body-scroll-lock/-/body-scroll-lock-4.0.0-beta.0.tgz",
      "integrity": "sha512-a7tP5+0Mw3YlUJcGAKUqIBkYYGlYxk2fnCasq/FUph1hadxlTRjF+gAcZksxANnaMnALjxEddmSi/H3OR8ugcQ==",
      "dev": true
    },
    "node_modules/csstype": {
      "version": "3.1.2",
      "resolved": "https://registry.npmjs.org/csstype/-/csstype-3.1.2.tgz",
      "integrity": "sha512-I7K1Uu0MBPzaFKg4nI5Q7Vs2t+3gWWW648spaF+Rg7pI9ds18Ugn+lvg4SHczUdKlHI5LWBXyqfS8+DufyBsgQ==",
      "dev": true
    },
    "node_modules/esbuild": {
      "version": "0.17.19",
      "resolved": "https://registry.npmjs.org/esbuild/-/esbuild-0.17.19.tgz",
      "integrity": "sha512-XQ0jAPFkK/u3LcVRcvVHQcTIqD6E2H1fvZMA5dQPSOWb3suUbWbfbRf94pjc0bNzRYLfIrDRQXr7X+LHIm5oHw==",
      "dev": true,
      "hasInstallScript": true,
      "bin": {
        "esbuild": "bin/esbuild"
      },
      "engines": {
        "node": ">=12"
      },
      "optionalDependencies": {
        "@esbuild/android-arm": "0.17.19",
        "@esbuild/android-arm64": "0.17.19",
        "@esbuild/android-x64": "0.17.19",
        "@esbuild/darwin-arm64": "0.17.19",
        "@esbuild/darwin-x64": "0.17.19",
        "@esbuild/freebsd-arm64": "0.17.19",
        "@esbuild/freebsd-x64": "0.17.19",
        "@esbuild/linux-arm": "0.17.19",
        "@esbuild/linux-arm64": "0.17.19",
        "@esbuild/linux-ia32": "0.17.19",
        "@esbuild/linux-loong64": "0.17.19",
        "@esbuild/linux-mips64el": "0.17.19",
        "@esbuild/linux-ppc64": "0.17.19",
        "@esbuild/linux-riscv64": "0.17.19",
        "@esbuild/linux-s390x": "0.17.19",
        "@esbuild/linux-x64": "0.17.19",
        "@esbuild/netbsd-x64": "0.17.19",
        "@esbuild/openbsd-x64": "0.17.19",
        "@esbuild/sunos-x64": "0.17.19",
        "@esbuild/win32-arm64": "0.17.19",
        "@esbuild/win32-ia32": "0.17.19",
        "@esbuild/win32-x64": "0.17.19"
      }
    },
    "node_modules/estree-walker": {
      "version": "2.0.2",
      "resolved": "https://registry.npmjs.org/estree-walker/-/estree-walker-2.0.2.tgz",
      "integrity": "sha512-Rfkk/Mp/DL7JVje3u18FxFujQlTNR2q6QfMSMB7AvCBx91NGj/ba3kCfza0f6dVDbw7YlRf/nDrn7pQrCCyQ/w==",
      "dev": true
    },
    "node_modules/focus-trap": {
      "version": "7.4.3",
      "resolved": "https://registry.npmjs.org/focus-trap/-/focus-trap-7.4.3.tgz",
      "integrity": "sha512-BgSSbK4GPnS2VbtZ50VtOv1Sti6DIkj3+LkVjiWMNjLeAp1SH1UlLx3ULu/DCu4vq5R4/uvTm+zrvsMsuYmGLg==",
      "dev": true,
      "dependencies": {
        "tabbable": "^6.1.2"
      }
    },
    "node_modules/jsonc-parser": {
      "version": "3.2.0",
      "resolved": "https://registry.npmjs.org/jsonc-parser/-/jsonc-parser-3.2.0.tgz",
      "integrity": "sha512-gfFQZrcTc8CnKXp6Y4/CBT3fTc0OVuDofpre4aEeEpSBPV5X5v4+Vmx+8snU7RLPrNHPKSgLxGo9YuQzz20o+w==",
      "dev": true
    },
    "node_modules/magic-string": {
      "version": "0.30.0",
      "resolved": "https://registry.npmjs.org/magic-string/-/magic-string-0.30.0.tgz",
      "integrity": "sha512-LA+31JYDJLs82r2ScLrlz1GjSgu66ZV518eyWT+S8VhyQn/JL0u9MeBOvQMGYiPk1DBiSN9DDMOcXvigJZaViQ==",
      "dev": true,
      "dependencies": {
        "@jridgewell/sourcemap-codec": "^1.4.13"
      },
      "engines": {
        "node": ">=12"
      }
    },
    "node_modules/mark.js": {
      "version": "8.11.1",
      "resolved": "https://registry.npmjs.org/mark.js/-/mark.js-8.11.1.tgz",
      "integrity": "sha512-1I+1qpDt4idfgLQG+BNWmrqku+7/2bi5nLf4YwF8y8zXvmfiTBY3PV3ZibfrjBueCByROpuBjLLFCajqkgYoLQ==",
      "dev": true
    },
    "node_modules/minisearch": {
      "version": "6.1.0",
      "resolved": "https://registry.npmjs.org/minisearch/-/minisearch-6.1.0.tgz",
      "integrity": "sha512-PNxA/X8pWk+TiqPbsoIYH0GQ5Di7m6326/lwU/S4mlo4wGQddIcf/V//1f9TB0V4j59b57b+HZxt8h3iMROGvg==",
      "dev": true
    },
    "node_modules/nanoid": {
      "version": "3.3.6",
      "resolved": "https://registry.npmjs.org/nanoid/-/nanoid-3.3.6.tgz",
      "integrity": "sha512-BGcqMMJuToF7i1rt+2PWSNVnWIkGCU78jBG3RxO/bZlnZPK2Cmi2QaffxGO/2RvWi9sL+FAiRiXMgsyxQ1DIDA==",
      "dev": true,
      "funding": [
        {
          "type": "github",
          "url": "https://github.com/sponsors/ai"
        }
      ],
      "bin": {
        "nanoid": "bin/nanoid.cjs"
      },
      "engines": {
        "node": "^10 || ^12 || ^13.7 || ^14 || >=15.0.1"
      }
    },
    "node_modules/picocolors": {
      "version": "1.0.0",
      "resolved": "https://registry.npmjs.org/picocolors/-/picocolors-1.0.0.tgz",
      "integrity": "sha512-1fygroTLlHu66zi26VoTDv8yRgm0Fccecssto+MhsZ0D/DGW2sm8E8AjW7NU5VVTRt5GxbeZ5qBuJr+HyLYkjQ==",
      "dev": true
    },
    "node_modules/postcss": {
      "version": "8.4.24",
      "resolved": "https://registry.npmjs.org/postcss/-/postcss-8.4.24.tgz",
      "integrity": "sha512-M0RzbcI0sO/XJNucsGjvWU9ERWxb/ytp1w6dKtxTKgixdtQDq4rmx/g8W1hnaheq9jgwL/oyEdH5Bc4WwJKMqg==",
      "dev": true,
      "funding": [
        {
          "type": "opencollective",
          "url": "https://opencollective.com/postcss/"
        },
        {
          "type": "tidelift",
          "url": "https://tidelift.com/funding/github/npm/postcss"
        },
        {
          "type": "github",
          "url": "https://github.com/sponsors/ai"
        }
      ],
      "dependencies": {
        "nanoid": "^3.3.6",
        "picocolors": "^1.0.0",
        "source-map-js": "^1.0.2"
      },
      "engines": {
        "node": "^10 || ^12 || >=14"
      }
    },
    "node_modules/preact": {
      "version": "10.15.1",
      "resolved": "https://registry.npmjs.org/preact/-/preact-10.15.1.tgz",
      "integrity": "sha512-qs2ansoQEwzNiV5eAcRT1p1EC/dmEzaATVDJNiB3g2sRDWdA7b7MurXdJjB2+/WQktGWZwxvDrnuRFbWuIr64g==",
      "dev": true,
      "funding": {
        "type": "opencollective",
        "url": "https://opencollective.com/preact"
      }
    },
    "node_modules/prettier": {
      "version": "2.8.8",
      "resolved": "https://registry.npmjs.org/prettier/-/prettier-2.8.8.tgz",
      "integrity": "sha512-tdN8qQGvNjw4CHbY+XXk0JgCXn9QiF21a55rBe5LJAU+kDyC4WQn4+awm2Xfk2lQMk5fKup9XgzTZtGkjBdP9Q==",
      "dev": true,
      "bin": {
        "prettier": "bin-prettier.js"
      },
      "engines": {
        "node": ">=10.13.0"
      },
      "funding": {
        "url": "https://github.com/prettier/prettier?sponsor=1"
      }
    },
    "node_modules/rollup": {
      "version": "3.25.0",
      "resolved": "https://registry.npmjs.org/rollup/-/rollup-3.25.0.tgz",
      "integrity": "sha512-FnJkNRst2jEZGw7f+v4hFo6UTzpDKrAKcHZWcEfm5/GJQ5CK7wgb4moNLNAe7npKUev7yQn1AY/YbZRIxOv6Qg==",
      "dev": true,
      "bin": {
        "rollup": "dist/bin/rollup"
      },
      "engines": {
        "node": ">=14.18.0",
        "npm": ">=8.0.0"
      },
      "optionalDependencies": {
        "fsevents": "~2.3.2"
      }
    },
    "node_modules/search-insights": {
      "version": "2.6.0",
      "resolved": "https://registry.npmjs.org/search-insights/-/search-insights-2.6.0.tgz",
      "integrity": "sha512-vU2/fJ+h/Mkm/DJOe+EaM5cafJv/1rRTZpGJTuFPf/Q5LjzgMDsqPdSaZsAe+GAWHHsfsu+rQSAn6c8IGtBEVw==",
      "dev": true,
      "peer": true,
      "engines": {
        "node": ">=8.16.0"
      }
    },
    "node_modules/shiki": {
      "version": "0.14.2",
      "resolved": "https://registry.npmjs.org/shiki/-/shiki-0.14.2.tgz",
      "integrity": "sha512-ltSZlSLOuSY0M0Y75KA+ieRaZ0Trf5Wl3gutE7jzLuIcWxLp5i/uEnLoQWNvgKXQ5OMpGkJnVMRLAuzjc0LJ2A==",
      "dev": true,
      "dependencies": {
        "ansi-sequence-parser": "^1.1.0",
        "jsonc-parser": "^3.2.0",
        "vscode-oniguruma": "^1.7.0",
        "vscode-textmate": "^8.0.0"
      }
    },
    "node_modules/source-map-js": {
      "version": "1.0.2",
      "resolved": "https://registry.npmjs.org/source-map-js/-/source-map-js-1.0.2.tgz",
      "integrity": "sha512-R0XvVJ9WusLiqTCEiGCmICCMplcCkIwwR11mOSD9CR5u+IXYdiseeEuXCVAjS54zqwkLcPNnmU4OeJ6tUrWhDw==",
      "dev": true,
      "engines": {
        "node": ">=0.10.0"
      }
    },
    "node_modules/tabbable": {
      "version": "6.1.2",
      "resolved": "https://registry.npmjs.org/tabbable/-/tabbable-6.1.2.tgz",
      "integrity": "sha512-qCN98uP7i9z0fIS4amQ5zbGBOq+OSigYeGvPy7NDk8Y9yncqDZ9pRPgfsc2PJIVM9RrJj7GIfuRgmjoUU9zTHQ==",
      "dev": true
    },
    "node_modules/vite": {
      "version": "4.3.9",
      "resolved": "https://registry.npmjs.org/vite/-/vite-4.3.9.tgz",
      "integrity": "sha512-qsTNZjO9NoJNW7KnOrgYwczm0WctJ8m/yqYAMAK9Lxt4SoySUfS5S8ia9K7JHpa3KEeMfyF8LoJ3c5NeBJy6pg==",
      "dev": true,
      "dependencies": {
        "esbuild": "^0.17.5",
        "postcss": "^8.4.23",
        "rollup": "^3.21.0"
      },
      "bin": {
        "vite": "bin/vite.js"
      },
      "engines": {
        "node": "^14.18.0 || >=16.0.0"
      },
      "optionalDependencies": {
        "fsevents": "~2.3.2"
      },
      "peerDependencies": {
        "@types/node": ">= 14",
        "less": "*",
        "sass": "*",
        "stylus": "*",
        "sugarss": "*",
        "terser": "^5.4.0"
      },
      "peerDependenciesMeta": {
        "@types/node": {
          "optional": true
        },
        "less": {
          "optional": true
        },
        "sass": {
          "optional": true
        },
        "stylus": {
          "optional": true
        },
        "sugarss": {
          "optional": true
        },
        "terser": {
          "optional": true
        }
      }
    },
    "node_modules/vitepress": {
      "version": "1.0.0-beta.3",
      "resolved": "https://registry.npmjs.org/vitepress/-/vitepress-1.0.0-beta.3.tgz",
      "integrity": "sha512-GR5Pvr/o343NN1M4Na1shhDYZRrQbjmLq7WE0lla0H8iDPAsHE8agTHLWfu3FWx+3q2KA29sv16+0O9RQKGjlA==",
      "dev": true,
      "dependencies": {
        "@docsearch/css": "^3.5.0",
        "@docsearch/js": "^3.5.0",
        "@vitejs/plugin-vue": "^4.2.3",
        "@vue/devtools-api": "^6.5.0",
        "@vueuse/core": "^10.1.2",
        "@vueuse/integrations": "^10.1.2",
        "body-scroll-lock": "4.0.0-beta.0",
        "focus-trap": "^7.4.3",
        "mark.js": "8.11.1",
        "minisearch": "^6.1.0",
        "shiki": "^0.14.2",
        "vite": "^4.3.9",
        "vue": "^3.3.4"
      },
      "bin": {
        "vitepress": "bin/vitepress.js"
      }
    },
    "node_modules/vscode-oniguruma": {
      "version": "1.7.0",
      "resolved": "https://registry.npmjs.org/vscode-oniguruma/-/vscode-oniguruma-1.7.0.tgz",
      "integrity": "sha512-L9WMGRfrjOhgHSdOYgCt/yRMsXzLDJSL7BPrOZt73gU0iWO4mpqzqQzOz5srxqTvMBaR0XZTSrVWo4j55Rc6cA==",
      "dev": true
    },
    "node_modules/vscode-textmate": {
      "version": "8.0.0",
      "resolved": "https://registry.npmjs.org/vscode-textmate/-/vscode-textmate-8.0.0.tgz",
      "integrity": "sha512-AFbieoL7a5LMqcnOF04ji+rpXadgOXnZsxQr//r83kLPr7biP7am3g9zbaZIaBGwBRWeSvoMD4mgPdX3e4NWBg==",
      "dev": true
    },
    "node_modules/vue": {
      "version": "3.3.4",
      "resolved": "https://registry.npmjs.org/vue/-/vue-3.3.4.tgz",
      "integrity": "sha512-VTyEYn3yvIeY1Py0WaYGZsXnz3y5UnGi62GjVEqvEGPl6nxbOrCXbVOTQWBEJUqAyTUk2uJ5JLVnYJ6ZzGbrSw==",
      "dev": true,
      "dependencies": {
        "@vue/compiler-dom": "3.3.4",
        "@vue/compiler-sfc": "3.3.4",
        "@vue/runtime-dom": "3.3.4",
        "@vue/server-renderer": "3.3.4",
        "@vue/shared": "3.3.4"
      }
    }
  }
}
